// !$*UTF8*$!
{
	archiveVersion = 1;
	classes = {
	};
	objectVersion = 50;
	objects = {

/* Begin PBXBuildFile section */
		189407182225E86F00E71018 /* AppDelegate.swift in Sources */ = {isa = PBXBuildFile; fileRef = 189407172225E86F00E71018 /* AppDelegate.swift */; };
		1894071A2225E86F00E71018 /* MapViewController.swift in Sources */ = {isa = PBXBuildFile; fileRef = 189407192225E86F00E71018 /* MapViewController.swift */; };
		1894071D2225E86F00E71018 /* Main.storyboard in Resources */ = {isa = PBXBuildFile; fileRef = 1894071B2225E86F00E71018 /* Main.storyboard */; };
		1894071F2225E87000E71018 /* Assets.xcassets in Resources */ = {isa = PBXBuildFile; fileRef = 1894071E2225E87000E71018 /* Assets.xcassets */; };
		189407222225E87000E71018 /* LaunchScreen.storyboard in Resources */ = {isa = PBXBuildFile; fileRef = 189407202225E87000E71018 /* LaunchScreen.storyboard */; };
		1894072A2225F45A00E71018 /* PlaceList.swift in Sources */ = {isa = PBXBuildFile; fileRef = 189407292225F45A00E71018 /* PlaceList.swift */; };
		1894072C2225F4A800E71018 /* Places.swift in Sources */ = {isa = PBXBuildFile; fileRef = 1894072B2225F4A800E71018 /* Places.swift */; };
		18B72357222D5121005DAB25 /* VisitationTableViewController.swift in Sources */ = {isa = PBXBuildFile; fileRef = 18B72356222D5121005DAB25 /* VisitationTableViewController.swift */; };
/* End PBXBuildFile section */

/* Begin PBXFileReference section */
		189407142225E86F00E71018 /* Travel Wishlist.app */ = {isa = PBXFileReference; explicitFileType = wrapper.application; includeInIndex = 0; path = "Travel Wishlist.app"; sourceTree = BUILT_PRODUCTS_DIR; };
		189407172225E86F00E71018 /* AppDelegate.swift */ = {isa = PBXFileReference; lastKnownFileType = sourcecode.swift; path = AppDelegate.swift; sourceTree = "<group>"; };
		189407192225E86F00E71018 /* MapViewController.swift */ = {isa = PBXFileReference; lastKnownFileType = sourcecode.swift; path = MapViewController.swift; sourceTree = "<group>"; };
		1894071C2225E86F00E71018 /* Base */ = {isa = PBXFileReference; lastKnownFileType = file.storyboard; name = Base; path = Base.lproj/Main.storyboard; sourceTree = "<group>"; };
		1894071E2225E87000E71018 /* Assets.xcassets */ = {isa = PBXFileReference; lastKnownFileType = folder.assetcatalog; path = Assets.xcassets; sourceTree = "<group>"; };
		189407212225E87000E71018 /* Base */ = {isa = PBXFileReference; lastKnownFileType = file.storyboard; name = Base; path = Base.lproj/LaunchScreen.storyboard; sourceTree = "<group>"; };
		189407232225E87000E71018 /* Info.plist */ = {isa = PBXFileReference; lastKnownFileType = text.plist.xml; path = Info.plist; sourceTree = "<group>"; };
		189407292225F45A00E71018 /* PlaceList.swift */ = {isa = PBXFileReference; lastKnownFileType = sourcecode.swift; path = PlaceList.swift; sourceTree = "<group>"; };
		1894072B2225F4A800E71018 /* Places.swift */ = {isa = PBXFileReference; lastKnownFileType = sourcecode.swift; path = Places.swift; sourceTree = "<group>"; };
		18B72356222D5121005DAB25 /* VisitationTableViewController.swift */ = {isa = PBXFileReference; lastKnownFileType = sourcecode.swift; path = VisitationTableViewController.swift; sourceTree = "<group>"; };
/* End PBXFileReference section */

/* Begin PBXFrameworksBuildPhase section */
		189407112225E86F00E71018 /* Frameworks */ = {
			isa = PBXFrameworksBuildPhase;
			buildActionMask = 2147483647;
			files = (
			);
			runOnlyForDeploymentPostprocessing = 0;
		};
/* End PBXFrameworksBuildPhase section */

/* Begin PBXGroup section */
		1894070B2225E86F00E71018 = {
			isa = PBXGroup;
			children = (
				189407162225E86F00E71018 /* Travel Wishlist */,
				189407152225E86F00E71018 /* Products */,
			);
			sourceTree = "<group>";
		};
		189407152225E86F00E71018 /* Products */ = {
			isa = PBXGroup;
			children = (
				189407142225E86F00E71018 /* Travel Wishlist.app */,
			);
			name = Products;
			sourceTree = "<group>";
		};
		189407162225E86F00E71018 /* Travel Wishlist */ = {
			isa = PBXGroup;
			children = (
				189407172225E86F00E71018 /* AppDelegate.swift */,
				189407292225F45A00E71018 /* PlaceList.swift */,
				1894072B2225F4A800E71018 /* Places.swift */,
				189407192225E86F00E71018 /* MapViewController.swift */,
				18B72356222D5121005DAB25 /* VisitationTableViewController.swift */,
				1894071B2225E86F00E71018 /* Main.storyboard */,
				1894071E2225E87000E71018 /* Assets.xcassets */,
				189407202225E87000E71018 /* LaunchScreen.storyboard */,
				189407232225E87000E71018 /* Info.plist */,
			);
			path = "Travel Wishlist";
			sourceTree = "<group>";
		};
/* End PBXGroup section */

/* Begin PBXNativeTarget section */
		189407132225E86F00E71018 /* Travel Wishlist */ = {
			isa = PBXNativeTarget;
			buildConfigurationList = 189407262225E87000E71018 /* Build configuration list for PBXNativeTarget "Travel Wishlist" */;
			buildPhases = (
				189407102225E86F00E71018 /* Sources */,
				189407112225E86F00E71018 /* Frameworks */,
				189407122225E86F00E71018 /* Resources */,
			);
			buildRules = (
			);
			dependencies = (
			);
			name = "Travel Wishlist";
			productName = "Travel Wishlist";
			productReference = 189407142225E86F00E71018 /* Travel Wishlist.app */;
			productType = "com.apple.product-type.application";
		};
/* End PBXNativeTarget section */

/* Begin PBXProject section */
		1894070C2225E86F00E71018 /* Project object */ = {
			isa = PBXProject;
			attributes = {
				LastSwiftUpdateCheck = 1010;
				LastUpgradeCheck = 1010;
				ORGANIZATIONNAME = "Guled Ali";
				TargetAttributes = {
					189407132225E86F00E71018 = {
						CreatedOnToolsVersion = 10.1;
					};
				};
			};
			buildConfigurationList = 1894070F2225E86F00E71018 /* Build configuration list for PBXProject "Travel Wishlist" */;
			compatibilityVersion = "Xcode 9.3";
			developmentRegion = en;
			hasScannedForEncodings = 0;
			knownRegions = (
				en,
				Base,
			);
			mainGroup = 1894070B2225E86F00E71018;
			productRefGroup = 189407152225E86F00E71018 /* Products */;
			projectDirPath = "";
			projectRoot = "";
			targets = (
				189407132225E86F00E71018 /* Travel Wishlist */,
			);
		};
/* End PBXProject section */

/* Begin PBXResourcesBuildPhase section */
		189407122225E86F00E71018 /* Resources */ = {
			isa = PBXResourcesBuildPhase;
			buildActionMask = 2147483647;
			files = (
				189407222225E87000E71018 /* LaunchScreen.storyboard in Resources */,
				1894071F2225E87000E71018 /* Assets.xcassets in Resources */,
				1894071D2225E86F00E71018 /* Main.storyboard in Resources */,
			);
			runOnlyForDeploymentPostprocessing = 0;
		};
/* End PBXResourcesBuildPhase section */

/* Begin PBXSourcesBuildPhase section */
		189407102225E86F00E71018 /* Sources */ = {
			isa = PBXSourcesBuildPhase;
			buildActionMask = 2147483647;
			files = (
				1894072A2225F45A00E71018 /* PlaceList.swift in Sources */,
				18B72357222D5121005DAB25 /* VisitationTableViewController.swift in Sources */,
				1894071A2225E86F00E71018 /* MapViewController.swift in Sources */,
				189407182225E86F00E71018 /* AppDelegate.swift in Sources */,
				1894072C2225F4A800E71018 /* Places.swift in Sources */,
			);
			runOnlyForDeploymentPostprocessing = 0;
		};
/* End PBXSourcesBuildPhase section */

/* Begin PBXVariantGroup section */
		1894071B2225E86F00E71018 /* Main.storyboard */ = {
			isa = PBXVariantGroup;
			children = (
				1894071C2225E86F00E71018 /* Base */,
			);
			name = Main.storyboard;
			sourceTree = "<group>";
		};
		189407202225E87000E71018 /* LaunchScreen.storyboard */ = {
			isa = PBXVariantGroup;
			children = (
				189407212225E87000E71018 /* Base */,
			);
			name = LaunchScreen.storyboard;
			sourceTree = "<group>";
		};
/* End PBXVariantGroup section */

/* Begin XCBuildConfiguration section */
		189407242225E87000E71018 /* Debug */ = {
			isa = XCBuildConfiguration;
			buildSettings = {
				ALWAYS_SEARCH_USER_PATHS = NO;
				CLANG_ANALYZER_NONNULL = YES;
				CLANG_ANALYZER_NUMBER_OBJECT_CONVERSION = YES_AGGRESSIVE;
				CLANG_CXX_LANGUAGE_STANDARD = "gnu++14";
				CLANG_CXX_LIBRARY = "libc++";
				CLANG_ENABLE_MODULES = YES;
				CLANG_ENABLE_OBJC_ARC = YES;
				CLANG_ENABLE_OBJC_WEAK = YES;
				CLANG_WARN_BLOCK_CAPTURE_AUTORELEASING = YES;
				CLANG_WARN_BOOL_CONVERSION = YES;
				CLANG_WARN_COMMA = YES;
				CLANG_WARN_CONSTANT_CONVERSION = YES;
				CLANG_WARN_DEPRECATED_OBJC_IMPLEMENTATIONS = YES;
				CLANG_WARN_DIRECT_OBJC_ISA_USAGE = YES_ERROR;
				CLANG_WARN_DOCUMENTATION_COMMENTS = YES;
				CLANG_WARN_EMPTY_BODY = YES;
				CLANG_WARN_ENUM_CONVERSION = YES;
				CLANG_WARN_INFINITE_RECURSION = YES;
				CLANG_WARN_INT_CONVERSION = YES;
				CLANG_WARN_NON_LITERAL_NULL_CONVERSION = YES;
				CLANG_WARN_OBJC_IMPLICIT_RETAIN_SELF = YES;
				CLANG_WARN_OBJC_LITERAL_CONVERSION = YES;
				CLANG_WARN_OBJC_ROOT_CLASS = YES_ERROR;
				CLANG_WARN_RANGE_LOOP_ANALYSIS = YES;
				CLANG_WARN_STRICT_PROTOTYPES = YES;
				CLANG_WARN_SUSPICIOUS_MOVE = YES;
				CLANG_WARN_UNGUARDED_AVAILABILITY = YES_AGGRESSIVE;
				CLANG_WARN_UNREACHABLE_CODE = YES;
				CLANG_WARN__DUPLICATE_METHOD_MATCH = YES;
				CODE_SIGN_IDENTITY = "iPhone Developer";
				COPY_PHASE_STRIP = NO;
				DEBUG_INFORMATION_FORMAT = dwarf;
				ENABLE_STRICT_OBJC_MSGSEND = YES;
				ENABLE_TESTABILITY = YES;
				GCC_C_LANGUAGE_STANDARD = gnu11;
				GCC_DYNAMIC_NO_PIC = NO;
				GCC_NO_COMMON_BLOCKS = YES;
				GCC_OPTIMIZATION_LEVEL = 0;
				GCC_PREPROCESSOR_DEFINITIONS = (
					"DEBUG=1",
					"$(inherited)",
				);
				GCC_WARN_64_TO_32_BIT_CONVERSION = YES;
				GCC_WARN_ABOUT_RETURN_TYPE = YES_ERROR;
				GCC_WARN_UNDECLARED_SELECTOR = YES;
				GCC_WARN_UNINITIALIZED_AUTOS = YES_AGGRESSIVE;
				GCC_WARN_UNUSED_FUNCTION = YES;
				GCC_WARN_UNUSED_VARIABLE = YES;
				IPHONEOS_DEPLOYMENT_TARGET = 12.1;
				MTL_ENABLE_DEBUG_INFO = INCLUDE_SOURCE;
				MTL_FAST_MATH = YES;
				ONLY_ACTIVE_ARCH = YES;
				SDKROOT = iphoneos;
				SWIFT_ACTIVE_COMPILATION_CONDITIONS = DEBUG;
				SWIFT_OPTIMIZATION_LEVEL = "-Onone";
			};
			name = Debug;
		};
		189407252225E87000E71018 /* Release */ = {
			isa = XCBuildConfiguration;
			buildSettings = {
				ALWAYS_SEARCH_USER_PATHS = NO;
				CLANG_ANALYZER_NONNULL = YES;
				CLANG_ANALYZER_NUMBER_OBJECT_CONVERSION = YES_AGGRESSIVE;
				CLANG_CXX_LANGUAGE_STANDARD = "gnu++14";
				CLANG_CXX_LIBRARY = "libc++";
				CLANG_ENABLE_MODULES = YES;
				CLANG_ENABLE_OBJC_ARC = YES;
				CLANG_ENABLE_OBJC_WEAK = YES;
				CLANG_WARN_BLOCK_CAPTURE_AUTORELEASING = YES;
				CLANG_WARN_BOOL_CONVERSION = YES;
				CLANG_WARN_COMMA = YES;
				CLANG_WARN_CONSTANT_CONVERSION = YES;
				CLANG_WARN_DEPRECATED_OBJC_IMPLEMENTATIONS = YES;
				CLANG_WARN_DIRECT_OBJC_ISA_USAGE = YES_ERROR;
				CLANG_WARN_DOCUMENTATION_COMMENTS = YES;
				CLANG_WARN_EMPTY_BODY = YES;
				CLANG_WARN_ENUM_CONVERSION = YES;
				CLANG_WARN_INFINITE_RECURSION = YES;
				CLANG_WARN_INT_CONVERSION = YES;
				CLANG_WARN_NON_LITERAL_NULL_CONVERSION = YES;
				CLANG_WARN_OBJC_IMPLICIT_RETAIN_SELF = YES;
				CLANG_WARN_OBJC_LITERAL_CONVERSION = YES;
				CLANG_WARN_OBJC_ROOT_CLASS = YES_ERROR;
				CLANG_WARN_RANGE_LOOP_ANALYSIS = YES;
				CLANG_WARN_STRICT_PROTOTYPES = YES;
				CLANG_WARN_SUSPICIOUS_MOVE = YES;
				CLANG_WARN_UNGUARDED_AVAILABILITY = YES_AGGRESSIVE;
				CLANG_WARN_UNREACHABLE_CODE = YES;
				CLANG_WARN__DUPLICATE_METHOD_MATCH = YES;
				CODE_SIGN_IDENTITY = "iPhone Developer";
				COPY_PHASE_STRIP = NO;
				DEBUG_INFORMATION_FORMAT = "dwarf-with-dsym";
				ENABLE_NS_ASSERTIONS = NO;
				ENABLE_STRICT_OBJC_MSGSEND = YES;
				GCC_C_LANGUAGE_STANDARD = gnu11;
				GCC_NO_COMMON_BLOCKS = YES;
				GCC_WARN_64_TO_32_BIT_CONVERSION = YES;
				GCC_WARN_ABOUT_RETURN_TYPE = YES_ERROR;
				GCC_WARN_UNDECLARED_SELECTOR = YES;
				GCC_WARN_UNINITIALIZED_AUTOS = YES_AGGRESSIVE;
				GCC_WARN_UNUSED_FUNCTION = YES;
				GCC_WARN_UNUSED_VARIABLE = YES;
				IPHONEOS_DEPLOYMENT_TARGET = 12.1;
				MTL_ENABLE_DEBUG_INFO = NO;
				MTL_FAST_MATH = YES;
				SDKROOT = iphoneos;
				SWIFT_COMPILATION_MODE = wholemodule;
				SWIFT_OPTIMIZATION_LEVEL = "-O";
				VALIDATE_PRODUCT = YES;
			};
			name = Release;
		};
		189407272225E87000E71018 /* Debug */ = {
			isa = XCBuildConfiguration;
			buildSettings = {
				ASSETCATALOG_COMPILER_APPICON_NAME = AppIcon;
				CODE_SIGN_STYLE = Automatic;
				DEVELOPMENT_TEAM = 6NZ8EK4C5H;
				INFOPLIST_FILE = "Travel Wishlist/Info.plist";
				LD_RUNPATH_SEARCH_PATHS = (
					"$(inherited)",
					"@executable_path/Frameworks",
				);
				PRODUCT_BUNDLE_IDENTIFIER = "Guled-Ali.Travel-Wishlist";
				PRODUCT_NAME = "$(TARGET_NAME)";
				SWIFT_VERSION = 4.2;
				TARGETED_DEVICE_FAMILY = "1,2";
			};
			name = Debug;
		};
		189407282225E87000E71018 /* Release */ = {
			isa = XCBuildConfiguration;
			buildSettings = {
				ASSETCATALOG_COMPILER_APPICON_NAME = AppIcon;
				CODE_SIGN_STYLE = Automatic;
				DEVELOPMENT_TEAM = 6NZ8EK4C5H;
				INFOPLIST_FILE = "Travel Wishlist/Info.plist";
				LD_RUNPATH_SEARCH_PATHS = (
					"$(inherited)",
					"@executable_path/Frameworks",
				);
				PRODUCT_BUNDLE_IDENTIFIER = "Guled-Ali.Travel-Wishlist";
				PRODUCT_NAME = "$(TARGET_NAME)";
				SWIFT_VERSION = 4.2;
				TARGETED_DEVICE_FAMILY = "1,2";
			};
			name = Release;
		};
/* End XCBuildConfiguration section */

/* Begin XCConfigurationList section */
		1894070F2225E86F00E71018 /* Build configuration list for PBXProject "Travel Wishlist" */ = {
			isa = XCConfigurationList;
			buildConfigurations = (
				189407242225E87000E71018 /* Debug */,
				189407252225E87000E71018 /* Release */,
			);
			defaultConfigurationIsVisible = 0;
			defaultConfigurationName = Release;
		};
		189407262225E87000E71018 /* Build configuration list for PBXNativeTarget "Travel Wishlist" */ = {
			isa = XCConfigurationList;
			buildConfigurations = (
				189407272225E87000E71018 /* Debug */,
				189407282225E87000E71018 /* Release */,
			);
			defaultConfigurationIsVisible = 0;
			defaultConfigurationName = Release;
		};
/* End XCConfigurationList section */
	};
	rootObject = 1894070C2225E86F00E71018 /* Project object */;
}
